// !$*UTF8*$!
{
	archiveVersion = 1;
	classes = {
	};
	objectVersion = 52;
	objects = {

/* Begin PBXAggregateTarget section */
		"ArcGISToolkit::ArcGISToolkitPackageTests::ProductTarget" /* ArcGISToolkitPackageTests */ = {
			isa = PBXAggregateTarget;
			buildConfigurationList = OBJ_61 /* Build configuration list for PBXAggregateTarget "ArcGISToolkitPackageTests" */;
			buildPhases = (
			);
			dependencies = (
				OBJ_64 /* PBXTargetDependency */,
			);
			name = ArcGISToolkitPackageTests;
			productName = ArcGISToolkitPackageTests;
		};
/* End PBXAggregateTarget section */

/* Begin PBXBuildFile section */
		88C53D2F22D929C000471A42 /* ArcGIS.framework in Frameworks */ = {isa = PBXBuildFile; fileRef = 88C53D2E22D929C000471A42 /* ArcGIS.framework */; platformFilter = ios; };
		88C53D3022D929C000471A42 /* ArcGIS.framework in Embed Frameworks */ = {isa = PBXBuildFile; fileRef = 88C53D2E22D929C000471A42 /* ArcGIS.framework */; platformFilter = ios; settings = {ATTRIBUTES = (RemoveHeadersOnCopy, ); }; };
		OBJ_39 /* CancelGroup.swift in Sources */ = {isa = PBXBuildFile; fileRef = OBJ_12 /* CancelGroup.swift */; };
		OBJ_40 /* Coalescer.swift in Sources */ = {isa = PBXBuildFile; fileRef = OBJ_13 /* Coalescer.swift */; };
		OBJ_41 /* Compass.swift in Sources */ = {isa = PBXBuildFile; fileRef = OBJ_14 /* Compass.swift */; };
		OBJ_42 /* Extensions.swift in Sources */ = {isa = PBXBuildFile; fileRef = OBJ_15 /* Extensions.swift */; };
		OBJ_43 /* JobManager.swift in Sources */ = {isa = PBXBuildFile; fileRef = OBJ_16 /* JobManager.swift */; };
		OBJ_44 /* LegendViewController.swift in Sources */ = {isa = PBXBuildFile; fileRef = OBJ_17 /* LegendViewController.swift */; };
		OBJ_45 /* MapViewController.swift in Sources */ = {isa = PBXBuildFile; fileRef = OBJ_18 /* MapViewController.swift */; };
		OBJ_46 /* MeasureToolbar.swift in Sources */ = {isa = PBXBuildFile; fileRef = OBJ_19 /* MeasureToolbar.swift */; };
		OBJ_47 /* PopupController.swift in Sources */ = {isa = PBXBuildFile; fileRef = OBJ_20 /* PopupController.swift */; };
		OBJ_48 /* Scalebar.swift in Sources */ = {isa = PBXBuildFile; fileRef = OBJ_21 /* Scalebar.swift */; };
		OBJ_49 /* TableViewController.swift in Sources */ = {isa = PBXBuildFile; fileRef = OBJ_22 /* TableViewController.swift */; };
		OBJ_50 /* TemplatePickerViewController.swift in Sources */ = {isa = PBXBuildFile; fileRef = OBJ_23 /* TemplatePickerViewController.swift */; };
		OBJ_51 /* TimeSlider.swift in Sources */ = {isa = PBXBuildFile; fileRef = OBJ_24 /* TimeSlider.swift */; };
		OBJ_52 /* UnitsViewController.swift in Sources */ = {isa = PBXBuildFile; fileRef = OBJ_25 /* UnitsViewController.swift */; };
		OBJ_70 /* ArcGISToolkitTests.swift in Sources */ = {isa = PBXBuildFile; fileRef = OBJ_28 /* ArcGISToolkitTests.swift */; };
		OBJ_71 /* XCTestManifests.swift in Sources */ = {isa = PBXBuildFile; fileRef = OBJ_29 /* XCTestManifests.swift */; };
/* End PBXBuildFile section */

/* Begin PBXContainerItemProxy section */
		88C53D2B22D9295500471A42 /* PBXContainerItemProxy */ = {
			isa = PBXContainerItemProxy;
			containerPortal = OBJ_1 /* Project object */;
			proxyType = 1;
			remoteGlobalIDString = "ArcGISToolkit::ArcGISToolkitTests";
			remoteInfo = ArcGISToolkitTests;
		};
/* End PBXContainerItemProxy section */

/* Begin PBXCopyFilesBuildPhase section */
		88C53D3122D929C000471A42 /* Embed Frameworks */ = {
			isa = PBXCopyFilesBuildPhase;
			buildActionMask = 2147483647;
			dstPath = "";
			dstSubfolderSpec = 10;
			files = (
				88C53D3022D929C000471A42 /* ArcGIS.framework in Embed Frameworks */,
			);
			name = "Embed Frameworks";
			runOnlyForDeploymentPostprocessing = 0;
		};
/* End PBXCopyFilesBuildPhase section */

/* Begin PBXFileReference section */
		88C53D2E22D929C000471A42 /* ArcGIS.framework */ = {isa = PBXFileReference; lastKnownFileType = wrapper.framework; name = ArcGIS.framework; path = ../../../../../Users/albe5259/Library/SDKs/ArcGIS/iOS/Frameworks/Dynamic/ArcGIS.framework; sourceTree = "<group>"; };
		"ArcGISToolkit::ArcGISToolkit::Product" /* ArcGISToolkit.framework */ = {isa = PBXFileReference; explicitFileType = wrapper.framework; path = ArcGISToolkit.framework; sourceTree = BUILT_PRODUCTS_DIR; };
		"ArcGISToolkit::ArcGISToolkitTests::Product" /* ArcGISToolkitTests.xctest */ = {isa = PBXFileReference; lastKnownFileType = file; path = ArcGISToolkitTests.xctest; sourceTree = BUILT_PRODUCTS_DIR; };
		OBJ_10 /* Legend.storyboard */ = {isa = PBXFileReference; lastKnownFileType = file.storyboard; path = Legend.storyboard; sourceTree = "<group>"; };
		OBJ_11 /* Info.plist */ = {isa = PBXFileReference; lastKnownFileType = text.plist.xml; path = Info.plist; sourceTree = "<group>"; };
		OBJ_12 /* CancelGroup.swift */ = {isa = PBXFileReference; lastKnownFileType = sourcecode.swift; path = CancelGroup.swift; sourceTree = "<group>"; };
		OBJ_13 /* Coalescer.swift */ = {isa = PBXFileReference; lastKnownFileType = sourcecode.swift; path = Coalescer.swift; sourceTree = "<group>"; };
		OBJ_14 /* Compass.swift */ = {isa = PBXFileReference; lastKnownFileType = sourcecode.swift; path = Compass.swift; sourceTree = "<group>"; };
		OBJ_15 /* Extensions.swift */ = {isa = PBXFileReference; lastKnownFileType = sourcecode.swift; path = Extensions.swift; sourceTree = "<group>"; };
		OBJ_16 /* JobManager.swift */ = {isa = PBXFileReference; lastKnownFileType = sourcecode.swift; path = JobManager.swift; sourceTree = "<group>"; };
		OBJ_17 /* LegendViewController.swift */ = {isa = PBXFileReference; lastKnownFileType = sourcecode.swift; path = LegendViewController.swift; sourceTree = "<group>"; };
		OBJ_18 /* MapViewController.swift */ = {isa = PBXFileReference; lastKnownFileType = sourcecode.swift; path = MapViewController.swift; sourceTree = "<group>"; };
		OBJ_19 /* MeasureToolbar.swift */ = {isa = PBXFileReference; lastKnownFileType = sourcecode.swift; path = MeasureToolbar.swift; sourceTree = "<group>"; };
		OBJ_20 /* PopupController.swift */ = {isa = PBXFileReference; lastKnownFileType = sourcecode.swift; path = PopupController.swift; sourceTree = "<group>"; };
		OBJ_21 /* Scalebar.swift */ = {isa = PBXFileReference; lastKnownFileType = sourcecode.swift; path = Scalebar.swift; sourceTree = "<group>"; };
		OBJ_22 /* TableViewController.swift */ = {isa = PBXFileReference; lastKnownFileType = sourcecode.swift; path = TableViewController.swift; sourceTree = "<group>"; };
		OBJ_23 /* TemplatePickerViewController.swift */ = {isa = PBXFileReference; lastKnownFileType = sourcecode.swift; path = TemplatePickerViewController.swift; sourceTree = "<group>"; };
		OBJ_24 /* TimeSlider.swift */ = {isa = PBXFileReference; lastKnownFileType = sourcecode.swift; path = TimeSlider.swift; sourceTree = "<group>"; };
		OBJ_25 /* UnitsViewController.swift */ = {isa = PBXFileReference; lastKnownFileType = sourcecode.swift; path = UnitsViewController.swift; sourceTree = "<group>"; };
		OBJ_28 /* ArcGISToolkitTests.swift */ = {isa = PBXFileReference; lastKnownFileType = sourcecode.swift; path = ArcGISToolkitTests.swift; sourceTree = "<group>"; };
		OBJ_29 /* XCTestManifests.swift */ = {isa = PBXFileReference; lastKnownFileType = sourcecode.swift; path = XCTestManifests.swift; sourceTree = "<group>"; };
		OBJ_33 /* README.md */ = {isa = PBXFileReference; lastKnownFileType = net.daringfireball.markdown; path = README.md; sourceTree = "<group>"; };
		OBJ_6 /* Package.swift */ = {isa = PBXFileReference; explicitFileType = sourcecode.swift; path = Package.swift; sourceTree = "<group>"; };
		OBJ_9 /* ArcGISToolkit.h */ = {isa = PBXFileReference; lastKnownFileType = sourcecode.c.h; path = ArcGISToolkit.h; sourceTree = "<group>"; };
/* End PBXFileReference section */

/* Begin PBXFrameworksBuildPhase section */
		OBJ_53 /* Frameworks */ = {
			isa = PBXFrameworksBuildPhase;
			buildActionMask = 0;
			files = (
				88C53D2F22D929C000471A42 /* ArcGIS.framework in Frameworks */,
			);
			runOnlyForDeploymentPostprocessing = 0;
		};
		OBJ_72 /* Frameworks */ = {
			isa = PBXFrameworksBuildPhase;
			buildActionMask = 0;
			files = (
			);
			runOnlyForDeploymentPostprocessing = 0;
		};
/* End PBXFrameworksBuildPhase section */

/* Begin PBXGroup section */
		88C53D2D22D929C000471A42 /* Frameworks */ = {
			isa = PBXGroup;
			children = (
				88C53D2E22D929C000471A42 /* ArcGIS.framework */,
			);
			name = Frameworks;
			sourceTree = "<group>";
		};
		OBJ_26 /* Tests */ = {
			isa = PBXGroup;
			children = (
				OBJ_27 /* ArcGISToolkitTests */,
			);
			name = Tests;
			sourceTree = SOURCE_ROOT;
		};
		OBJ_27 /* ArcGISToolkitTests */ = {
			isa = PBXGroup;
			children = (
				OBJ_28 /* ArcGISToolkitTests.swift */,
				OBJ_29 /* XCTestManifests.swift */,
			);
			name = ArcGISToolkitTests;
			path = Tests/ArcGISToolkitTests;
			sourceTree = SOURCE_ROOT;
		};
		OBJ_30 /* Products */ = {
			isa = PBXGroup;
			children = (
				"ArcGISToolkit::ArcGISToolkitTests::Product" /* ArcGISToolkitTests.xctest */,
				"ArcGISToolkit::ArcGISToolkit::Product" /* ArcGISToolkit.framework */,
			);
			name = Products;
			sourceTree = BUILT_PRODUCTS_DIR;
		};
		OBJ_5 /*  */ = {
			isa = PBXGroup;
			children = (
				OBJ_6 /* Package.swift */,
				OBJ_7 /* Sources */,
				OBJ_26 /* Tests */,
				OBJ_30 /* Products */,
				OBJ_33 /* README.md */,
				88C53D2D22D929C000471A42 /* Frameworks */,
			);
			name = "";
			sourceTree = "<group>";
		};
		OBJ_7 /* Sources */ = {
			isa = PBXGroup;
			children = (
				OBJ_8 /* ArcGISToolkit */,
			);
			name = Sources;
			sourceTree = SOURCE_ROOT;
		};
		OBJ_8 /* ArcGISToolkit */ = {
			isa = PBXGroup;
			children = (
				OBJ_9 /* ArcGISToolkit.h */,
				OBJ_10 /* Legend.storyboard */,
				OBJ_11 /* Info.plist */,
				OBJ_12 /* CancelGroup.swift */,
				OBJ_13 /* Coalescer.swift */,
				OBJ_14 /* Compass.swift */,
				OBJ_15 /* Extensions.swift */,
				OBJ_16 /* JobManager.swift */,
				OBJ_17 /* LegendViewController.swift */,
				OBJ_18 /* MapViewController.swift */,
				OBJ_19 /* MeasureToolbar.swift */,
				OBJ_20 /* PopupController.swift */,
				OBJ_21 /* Scalebar.swift */,
				OBJ_22 /* TableViewController.swift */,
				OBJ_23 /* TemplatePickerViewController.swift */,
				OBJ_24 /* TimeSlider.swift */,
				OBJ_25 /* UnitsViewController.swift */,
			);
			name = ArcGISToolkit;
			path = Sources/ArcGISToolkit;
			sourceTree = SOURCE_ROOT;
		};
/* End PBXGroup section */

/* Begin PBXNativeTarget section */
		"ArcGISToolkit::ArcGISToolkit" /* ArcGISToolkit */ = {
			isa = PBXNativeTarget;
			buildConfigurationList = OBJ_35 /* Build configuration list for PBXNativeTarget "ArcGISToolkit" */;
			buildPhases = (
				OBJ_38 /* Sources */,
				OBJ_53 /* Frameworks */,
				88C53D2C22D9299C00471A42 /* ShellScript */,
				88C53D3122D929C000471A42 /* Embed Frameworks */,
			);
			buildRules = (
			);
			dependencies = (
			);
			name = ArcGISToolkit;
			productName = ArcGISToolkit;
			productReference = "ArcGISToolkit::ArcGISToolkit::Product" /* ArcGISToolkit.framework */;
			productType = "com.apple.product-type.framework";
		};
		"ArcGISToolkit::ArcGISToolkitTests" /* ArcGISToolkitTests */ = {
			isa = PBXNativeTarget;
			buildConfigurationList = OBJ_66 /* Build configuration list for PBXNativeTarget "ArcGISToolkitTests" */;
			buildPhases = (
				OBJ_69 /* Sources */,
				OBJ_72 /* Frameworks */,
			);
			buildRules = (
			);
			dependencies = (
			);
			name = ArcGISToolkitTests;
			productName = ArcGISToolkitTests;
			productReference = "ArcGISToolkit::ArcGISToolkitTests::Product" /* ArcGISToolkitTests.xctest */;
			productType = "com.apple.product-type.bundle.unit-test";
		};
/* End PBXNativeTarget section */

/* Begin PBXProject section */
		OBJ_1 /* Project object */ = {
			isa = PBXProject;
			attributes = {
				LastSwiftMigration = 9999;
				LastUpgradeCheck = 9999;
			};
			buildConfigurationList = OBJ_2 /* Build configuration list for PBXProject "ArcGISToolkit" */;
			compatibilityVersion = "Xcode 3.2";
			developmentRegion = English;
			hasScannedForEncodings = 0;
			knownRegions = (
				English,
				en,
			);
			mainGroup = OBJ_5 /*  */;
			productRefGroup = OBJ_30 /* Products */;
			projectDirPath = "";
			projectRoot = "";
			targets = (
				"ArcGISToolkit::ArcGISToolkit" /* ArcGISToolkit */,
				"ArcGISToolkit::ArcGISToolkitPackageTests::ProductTarget" /* ArcGISToolkitPackageTests */,
				"ArcGISToolkit::ArcGISToolkitTests" /* ArcGISToolkitTests */,
			);
		};
/* End PBXProject section */

/* Begin PBXShellScriptBuildPhase section */
		88C53D2C22D9299C00471A42 /* ShellScript */ = {
			isa = PBXShellScriptBuildPhase;
			buildActionMask = 2147483647;
			files = (
			);
			inputFileListPaths = (
			);
			inputPaths = (
			);
			outputFileListPaths = (
			);
			outputPaths = (
			);
			runOnlyForDeploymentPostprocessing = 0;
			shellPath = /bin/sh;
			shellScript = "bash \"${BUILT_PRODUCTS_DIR}/${FRAMEWORKS_FOLDER_PATH}/ArcGIS.framework/strip-frameworks.sh\"\n";
		};
/* End PBXShellScriptBuildPhase section */

/* Begin PBXSourcesBuildPhase section */
		OBJ_38 /* Sources */ = {
			isa = PBXSourcesBuildPhase;
			buildActionMask = 0;
			files = (
				OBJ_39 /* CancelGroup.swift in Sources */,
				OBJ_40 /* Coalescer.swift in Sources */,
				OBJ_41 /* Compass.swift in Sources */,
				OBJ_42 /* Extensions.swift in Sources */,
				OBJ_43 /* JobManager.swift in Sources */,
				OBJ_44 /* LegendViewController.swift in Sources */,
				OBJ_45 /* MapViewController.swift in Sources */,
				OBJ_46 /* MeasureToolbar.swift in Sources */,
				OBJ_47 /* PopupController.swift in Sources */,
				OBJ_48 /* Scalebar.swift in Sources */,
				OBJ_49 /* TableViewController.swift in Sources */,
				OBJ_50 /* TemplatePickerViewController.swift in Sources */,
				OBJ_51 /* TimeSlider.swift in Sources */,
				OBJ_52 /* UnitsViewController.swift in Sources */,
			);
			runOnlyForDeploymentPostprocessing = 0;
		};
		OBJ_69 /* Sources */ = {
			isa = PBXSourcesBuildPhase;
			buildActionMask = 0;
			files = (
				OBJ_70 /* ArcGISToolkitTests.swift in Sources */,
				OBJ_71 /* XCTestManifests.swift in Sources */,
			);
			runOnlyForDeploymentPostprocessing = 0;
		};
/* End PBXSourcesBuildPhase section */

/* Begin PBXTargetDependency section */
		OBJ_64 /* PBXTargetDependency */ = {
			isa = PBXTargetDependency;
			target = "ArcGISToolkit::ArcGISToolkitTests" /* ArcGISToolkitTests */;
			targetProxy = 88C53D2B22D9295500471A42 /* PBXContainerItemProxy */;
		};
/* End PBXTargetDependency section */

/* Begin XCBuildConfiguration section */
		OBJ_3 /* Debug */ = {
			isa = XCBuildConfiguration;
			buildSettings = {
				CLANG_CXX_LANGUAGE_STANDARD = "gnu++0x";
				CLANG_CXX_LIBRARY = "libc++";
				CLANG_ENABLE_OBJC_ARC = YES;
				COMBINE_HIDPI_IMAGES = YES;
				COPY_PHASE_STRIP = NO;
				DEBUG_INFORMATION_FORMAT = dwarf;
				DYLIB_INSTALL_NAME_BASE = "@rpath";
				ENABLE_NS_ASSERTIONS = YES;
				GCC_C_LANGUAGE_STANDARD = gnu99;
				GCC_OPTIMIZATION_LEVEL = 0;
				GCC_PREPROCESSOR_DEFINITIONS = (
					"$(inherited)",
					"SWIFT_PACKAGE=1",
					"DEBUG=1",
				);
				IPHONEOS_DEPLOYMENT_TARGET = 11.0;
				MACOSX_DEPLOYMENT_TARGET = "";
				ONLY_ACTIVE_ARCH = YES;
				OTHER_SWIFT_FLAGS = "-DXcode";
				PRODUCT_NAME = "$(TARGET_NAME)";
				SDKROOT = iphoneos;
				SUPPORTED_PLATFORMS = "iphonesimulator iphoneos";
				SWIFT_ACTIVE_COMPILATION_CONDITIONS = "$(inherited) SWIFT_PACKAGE DEBUG";
				SWIFT_OPTIMIZATION_LEVEL = "-Onone";
				TARGETED_DEVICE_FAMILY = "1,2";
				USE_HEADERMAP = NO;
			};
			name = Debug;
		};
		OBJ_36 /* Debug */ = {
			isa = XCBuildConfiguration;
			buildSettings = {
				CURRENT_PROJECT_VERSION = 1;
				ENABLE_TESTABILITY = YES;
				FRAMEWORK_SEARCH_PATHS = (
					"$(inherited)",
					"$(PLATFORM_DIR)/Developer/Library/Frameworks",
					"$(USER_LIBRARY_DIR)/SDKs/ArcGIS/iOS/Frameworks/Dynamic",
				);
				HEADER_SEARCH_PATHS = "$(inherited)";
				INFOPLIST_FILE = ArcGISToolkit.xcodeproj/ArcGISToolkit_Info.plist;
				IPHONEOS_DEPLOYMENT_TARGET = 11.0;
				LD_RUNPATH_SEARCH_PATHS = (
					"$(inherited)",
					"$(TOOLCHAIN_DIR)/usr/lib/swift/macosx",
				);
				MACOSX_DEPLOYMENT_TARGET = 10.10;
				OTHER_CFLAGS = "$(inherited)";
				OTHER_LDFLAGS = (
					"$(inherited)",
					"-framework",
					ArcGIS,
				);
				OTHER_SWIFT_FLAGS = "$(inherited)";
				PRODUCT_BUNDLE_IDENTIFIER = ArcGISToolkit;
				PRODUCT_MODULE_NAME = "$(TARGET_NAME:c99extidentifier)";
				PRODUCT_NAME = "$(TARGET_NAME:c99extidentifier)";
				SKIP_INSTALL = YES;
				SWIFT_ACTIVE_COMPILATION_CONDITIONS = "$(inherited)";
				SWIFT_VERSION = 5.0;
				TARGETED_DEVICE_FAMILY = "1,2";
				TARGET_NAME = ArcGISToolkit;
				TVOS_DEPLOYMENT_TARGET = 9.0;
				WATCHOS_DEPLOYMENT_TARGET = 2.0;
			};
			name = Debug;
		};
		OBJ_37 /* Release */ = {
			isa = XCBuildConfiguration;
			buildSettings = {
				CURRENT_PROJECT_VERSION = 1;
				ENABLE_TESTABILITY = YES;
				FRAMEWORK_SEARCH_PATHS = (
					"$(inherited)",
					"$(PLATFORM_DIR)/Developer/Library/Frameworks",
					"$(USER_LIBRARY_DIR)/SDKs/ArcGIS/iOS/Frameworks/Dynamic",
				);
				HEADER_SEARCH_PATHS = "$(inherited)";
				INFOPLIST_FILE = ArcGISToolkit.xcodeproj/ArcGISToolkit_Info.plist;
				IPHONEOS_DEPLOYMENT_TARGET = 11.0;
				LD_RUNPATH_SEARCH_PATHS = (
					"$(inherited)",
					"$(TOOLCHAIN_DIR)/usr/lib/swift/macosx",
				);
				MACOSX_DEPLOYMENT_TARGET = 10.10;
				OTHER_CFLAGS = "$(inherited)";
				OTHER_LDFLAGS = (
					"$(inherited)",
					"-framework",
					ArcGIS,
				);
				OTHER_SWIFT_FLAGS = "$(inherited)";
				PRODUCT_BUNDLE_IDENTIFIER = ArcGISToolkit;
				PRODUCT_MODULE_NAME = "$(TARGET_NAME:c99extidentifier)";
				PRODUCT_NAME = "$(TARGET_NAME:c99extidentifier)";
				SKIP_INSTALL = YES;
				SWIFT_ACTIVE_COMPILATION_CONDITIONS = "$(inherited)";
				SWIFT_VERSION = 5.0;
				TARGETED_DEVICE_FAMILY = "1,2";
				TARGET_NAME = ArcGISToolkit;
				TVOS_DEPLOYMENT_TARGET = 9.0;
				WATCHOS_DEPLOYMENT_TARGET = 2.0;
			};
			name = Release;
		};
		OBJ_4 /* Release */ = {
			isa = XCBuildConfiguration;
			buildSettings = {
				CLANG_CXX_LANGUAGE_STANDARD = "gnu++0x";
				CLANG_CXX_LIBRARY = "libc++";
				CLANG_ENABLE_OBJC_ARC = YES;
				COMBINE_HIDPI_IMAGES = YES;
				COPY_PHASE_STRIP = YES;
				DEBUG_INFORMATION_FORMAT = "dwarf-with-dsym";
				DYLIB_INSTALL_NAME_BASE = "@rpath";
				GCC_C_LANGUAGE_STANDARD = gnu99;
				GCC_OPTIMIZATION_LEVEL = s;
				GCC_PREPROCESSOR_DEFINITIONS = (
					"$(inherited)",
					"SWIFT_PACKAGE=1",
				);
				IPHONEOS_DEPLOYMENT_TARGET = 11.0;
				MACOSX_DEPLOYMENT_TARGET = "";
				OTHER_SWIFT_FLAGS = "-DXcode";
				PRODUCT_NAME = "$(TARGET_NAME)";
				SDKROOT = iphoneos;
				SUPPORTED_PLATFORMS = "iphonesimulator iphoneos";
				SWIFT_ACTIVE_COMPILATION_CONDITIONS = "$(inherited) SWIFT_PACKAGE";
				SWIFT_COMPILATION_MODE = wholemodule;
				SWIFT_OPTIMIZATION_LEVEL = "-O";
				TARGETED_DEVICE_FAMILY = "1,2";
				USE_HEADERMAP = NO;
			};
			name = Release;
		};
		OBJ_62 /* Debug */ = {
			isa = XCBuildConfiguration;
			buildSettings = {
			};
			name = Debug;
		};
		OBJ_63 /* Release */ = {
			isa = XCBuildConfiguration;
			buildSettings = {
			};
			name = Release;
		};
		OBJ_67 /* Debug */ = {
			isa = XCBuildConfiguration;
			buildSettings = {
				CLANG_ENABLE_MODULES = YES;
				EMBEDDED_CONTENT_CONTAINS_SWIFT = YES;
				FRAMEWORK_SEARCH_PATHS = (
					"$(inherited)",
					"$(PLATFORM_DIR)/Developer/Library/Frameworks",
				);
				HEADER_SEARCH_PATHS = "$(inherited)";
				INFOPLIST_FILE = ArcGISToolkit.xcodeproj/ArcGISToolkitTests_Info.plist;
				IPHONEOS_DEPLOYMENT_TARGET = 8.0;
				LD_RUNPATH_SEARCH_PATHS = (
					"$(inherited)",
					"@loader_path/../Frameworks",
					"@loader_path/Frameworks",
				);
				MACOSX_DEPLOYMENT_TARGET = 10.10;
				OTHER_CFLAGS = "$(inherited)";
				OTHER_LDFLAGS = "$(inherited)";
				OTHER_SWIFT_FLAGS = "$(inherited)";
				SWIFT_ACTIVE_COMPILATION_CONDITIONS = "$(inherited)";
				SWIFT_VERSION = 5.0;
				TARGET_NAME = ArcGISToolkitTests;
				TVOS_DEPLOYMENT_TARGET = 9.0;
				WATCHOS_DEPLOYMENT_TARGET = 2.0;
			};
			name = Debug;
		};
		OBJ_68 /* Release */ = {
			isa = XCBuildConfiguration;
			buildSettings = {
				CLANG_ENABLE_MODULES = YES;
				EMBEDDED_CONTENT_CONTAINS_SWIFT = YES;
				FRAMEWORK_SEARCH_PATHS = (
					"$(inherited)",
					"$(PLATFORM_DIR)/Developer/Library/Frameworks",
				);
				HEADER_SEARCH_PATHS = "$(inherited)";
				INFOPLIST_FILE = ArcGISToolkit.xcodeproj/ArcGISToolkitTests_Info.plist;
				IPHONEOS_DEPLOYMENT_TARGET = 8.0;
				LD_RUNPATH_SEARCH_PATHS = (
					"$(inherited)",
					"@loader_path/../Frameworks",
					"@loader_path/Frameworks",
				);
				MACOSX_DEPLOYMENT_TARGET = 10.10;
				OTHER_CFLAGS = "$(inherited)";
				OTHER_LDFLAGS = "$(inherited)";
				OTHER_SWIFT_FLAGS = "$(inherited)";
				SWIFT_ACTIVE_COMPILATION_CONDITIONS = "$(inherited)";
				SWIFT_VERSION = 5.0;
				TARGET_NAME = ArcGISToolkitTests;
				TVOS_DEPLOYMENT_TARGET = 9.0;
				WATCHOS_DEPLOYMENT_TARGET = 2.0;
			};
			name = Release;
		};
/* End XCBuildConfiguration section */

/* Begin XCConfigurationList section */
		OBJ_2 /* Build configuration list for PBXProject "ArcGISToolkit" */ = {
			isa = XCConfigurationList;
			buildConfigurations = (
				OBJ_3 /* Debug */,
				OBJ_4 /* Release */,
			);
			defaultConfigurationIsVisible = 0;
			defaultConfigurationName = Release;
		};
		OBJ_35 /* Build configuration list for PBXNativeTarget "ArcGISToolkit" */ = {
			isa = XCConfigurationList;
			buildConfigurations = (
				OBJ_36 /* Debug */,
				OBJ_37 /* Release */,
			);
			defaultConfigurationIsVisible = 0;
			defaultConfigurationName = Release;
		};
		OBJ_61 /* Build configuration list for PBXAggregateTarget "ArcGISToolkitPackageTests" */ = {
			isa = XCConfigurationList;
			buildConfigurations = (
				OBJ_62 /* Debug */,
				OBJ_63 /* Release */,
			);
			defaultConfigurationIsVisible = 0;
			defaultConfigurationName = Release;
		};
		OBJ_66 /* Build configuration list for PBXNativeTarget "ArcGISToolkitTests" */ = {
			isa = XCConfigurationList;
			buildConfigurations = (
				OBJ_67 /* Debug */,
				OBJ_68 /* Release */,
			);
			defaultConfigurationIsVisible = 0;
			defaultConfigurationName = Release;
		};
/* End XCConfigurationList section */
	};
	rootObject = OBJ_1 /* Project object */;
}
